
Microsoft Visual Studio Solution File, Format Version 12.00
# Visual Studio 14
VisualStudioVersion = 14.0.25420.1
MinimumVisualStudioVersion = 10.0.40219.1
Project("{2150E333-8FDC-42A3-9474-1A3956D46DE8}") = "IDAL", "IDAL", "{75901CBE-402E-4548-B6AF-C3ED397526DE}"
EndProject
Project("{2150E333-8FDC-42A3-9474-1A3956D46DE8}") = "Model", "Model", "{76C9C364-F29C-4B41-A280-76C7987D17E4}"
EndProject
Project("{2150E333-8FDC-42A3-9474-1A3956D46DE8}") = "DAL", "DAL", "{EF004A32-72FE-4FA9-821B-F04D7A958ECA}"
EndProject
Project("{2150E333-8FDC-42A3-9474-1A3956D46DE8}") = "BLL", "BLL", "{8D6BAA77-9595-486C-92EE-22C264C67501}"
EndProject
Project("{2150E333-8FDC-42A3-9474-1A3956D46DE8}") = "UI", "UI", "{1A4A213B-156C-4A82-B5E2-6F5B40D47712}"
EndProject
Project("{2150E333-8FDC-42A3-9474-1A3956D46DE8}") = "WebHelper", "WebHelper", "{41A29A1D-93C4-4C78-A9FB-3ABA03941305}"
EndProject
Project("{2150E333-8FDC-42A3-9474-1A3956D46DE8}") = "DALFactory", "DALFactory", "{42A9D4BD-17E8-4788-A657-25AAE4A15198}"
EndProject
Project("{2150E333-8FDC-42A3-9474-1A3956D46DE8}") = "DBUtility", "DBUtility", "{D33F74CE-38EE-4215-87EE-4EB73403EB12}"
EndProject
Project("{2150E333-8FDC-42A3-9474-1A3956D46DE8}") = "CustomHelper", "CustomHelper", "{F939A28F-34CF-4C58-A748-D92F1B2F963C}"
EndProject
Project("{2150E333-8FDC-42A3-9474-1A3956D46DE8}") = "UnitTest", "UnitTest", "{2D0D40B9-9BD8-49FC-8CDA-3E357061CFA6}"
EndProject
Project("{FAE04EC0-301F-11D3-BF4B-00C04F79EFBC}") = "Model", "Model\Model.csproj", "{F0A6CDBD-E84B-457F-BDB3-646ABD97C804}"
EndProject
Project("{FAE04EC0-301F-11D3-BF4B-00C04F79EFBC}") = "IDAL", "IDAL\IDAL.csproj", "{648A3617-9FA6-4931-B05B-CE97E8B5F1C4}"
EndProject
Project("{FAE04EC0-301F-11D3-BF4B-00C04F79EFBC}") = "SqlServerDAL", "SqlServerDAL\SqlServerDAL.csproj", "{4A526398-ABED-4C12-A9EA-81A9EE4728F6}"
EndProject
Project("{FAE04EC0-301F-11D3-BF4B-00C04F79EFBC}") = "BLL", "BLL\BLL.csproj", "{185746F2-A7C7-4DF3-A23E-22C53F55F6D7}"
EndProject
Project("{FAE04EC0-301F-11D3-BF4B-00C04F79EFBC}") = "WebHelper", "WebHelper\WebHelper.csproj", "{86E90F13-ACBF-4EA0-AE60-FA1476FA80C5}"
EndProject
Project("{FAE04EC0-301F-11D3-BF4B-00C04F79EFBC}") = "Web", "Web\Web.csproj", "{4D711E49-0398-4A97-869C-B72494885754}"
EndProject
Project("{FAE04EC0-301F-11D3-BF4B-00C04F79EFBC}") = "DALFactory", "DALFactory\DALFactory.csproj", "{E65E21D8-19A3-4302-A5A1-8B14F62192FE}"
EndProject
Project("{FAE04EC0-301F-11D3-BF4B-00C04F79EFBC}") = "DBUtility", "DBUtility\DBUtility.csproj", "{233801EE-F999-479E-87C0-7B61284B8697}"
EndProject
Project("{FAE04EC0-301F-11D3-BF4B-00C04F79EFBC}") = "CustomExceptions", "CustomExceptions\CustomExceptions.csproj", "{23A901EF-764C-471F-A50B-B01F760C51EB}"
EndProject
Project("{FAE04EC0-301F-11D3-BF4B-00C04F79EFBC}") = "CustomProviders", "CustomProviders\CustomProviders.csproj", "{E060809D-87FD-4EF7-B507-FBBF5BB977FA}"
EndProject
Project("{FAE04EC0-301F-11D3-BF4B-00C04F79EFBC}") = "XmlDAL", "XmlDAL\XmlDAL.csproj", "{3AA71902-EF6D-4D63-A047-6B7161863157}"
EndProject
Project("{FAE04EC0-301F-11D3-BF4B-00C04F79EFBC}") = "CacheDependencyHelper", "CacheDependencyHelper\CacheDependencyHelper.csproj", "{B815117D-B1BB-4E59-A0FD-CBE70F50E95A}"
EndProject
Project("{FAE04EC0-301F-11D3-BF4B-00C04F79EFBC}") = "CustomThread", "CustomThread\CustomThread.csproj", "{22CE81DA-B51D-430F-923C-086F534054D3}"
EndProject
Project("{FAE04EC0-301F-11D3-BF4B-00C04F79EFBC}") = "CA", "CA\CA.csproj", "{42205DE9-1AA9-450E-85D7-0860BC5F7F6B}"
EndProject
Global
	GlobalSection(SolutionConfigurationPlatforms) = preSolution
		Debug|Any CPU = Debug|Any CPU
		Debug|Mixed Platforms = Debug|Mixed Platforms
		Debug|x86 = Debug|x86
		Release|Any CPU = Release|Any CPU
		Release|Mixed Platforms = Release|Mixed Platforms
		Release|x86 = Release|x86
	EndGlobalSection
	GlobalSection(ProjectConfigurationPlatforms) = postSolution
		{F0A6CDBD-E84B-457F-BDB3-646ABD97C804}.Debug|Any CPU.ActiveCfg = Debug|Any CPU
		{F0A6CDBD-E84B-457F-BDB3-646ABD97C804}.Debug|Any CPU.Build.0 = Debug|Any CPU
		{F0A6CDBD-E84B-457F-BDB3-646ABD97C804}.Debug|Mixed Platforms.ActiveCfg = Debug|Any CPU
		{F0A6CDBD-E84B-457F-BDB3-646ABD97C804}.Debug|Mixed Platforms.Build.0 = Debug|Any CPU
		{F0A6CDBD-E84B-457F-BDB3-646ABD97C804}.Debug|x86.ActiveCfg = Debug|Any CPU
		{F0A6CDBD-E84B-457F-BDB3-646ABD97C804}.Release|Any CPU.ActiveCfg = Release|Any CPU
		{F0A6CDBD-E84B-457F-BDB3-646ABD97C804}.Release|Any CPU.Build.0 = Release|Any CPU
		{F0A6CDBD-E84B-457F-BDB3-646ABD97C804}.Release|Mixed Platforms.ActiveCfg = Release|Any CPU
		{F0A6CDBD-E84B-457F-BDB3-646ABD97C804}.Release|Mixed Platforms.Build.0 = Release|Any CPU
		{F0A6CDBD-E84B-457F-BDB3-646ABD97C804}.Release|x86.ActiveCfg = Release|Any CPU
		{648A3617-9FA6-4931-B05B-CE97E8B5F1C4}.Debug|Any CPU.ActiveCfg = Debug|Any CPU
		{648A3617-9FA6-4931-B05B-CE97E8B5F1C4}.Debug|Any CPU.Build.0 = Debug|Any CPU
		{648A3617-9FA6-4931-B05B-CE97E8B5F1C4}.Debug|Mixed Platforms.ActiveCfg = Debug|Any CPU
		{648A3617-9FA6-4931-B05B-CE97E8B5F1C4}.Debug|Mixed Platforms.Build.0 = Debug|Any CPU
		{648A3617-9FA6-4931-B05B-CE97E8B5F1C4}.Debug|x86.ActiveCfg = Debug|Any CPU
		{648A3617-9FA6-4931-B05B-CE97E8B5F1C4}.Release|Any CPU.ActiveCfg = Release|Any CPU
		{648A3617-9FA6-4931-B05B-CE97E8B5F1C4}.Release|Any CPU.Build.0 = Release|Any CPU
		{648A3617-9FA6-4931-B05B-CE97E8B5F1C4}.Release|Mixed Platforms.ActiveCfg = Release|Any CPU
		{648A3617-9FA6-4931-B05B-CE97E8B5F1C4}.Release|Mixed Platforms.Build.0 = Release|Any CPU
		{648A3617-9FA6-4931-B05B-CE97E8B5F1C4}.Release|x86.ActiveCfg = Release|Any CPU
		{4A526398-ABED-4C12-A9EA-81A9EE4728F6}.Debug|Any CPU.ActiveCfg = Debug|Any CPU
		{4A526398-ABED-4C12-A9EA-81A9EE4728F6}.Debug|Any CPU.Build.0 = Debug|Any CPU
		{4A526398-ABED-4C12-A9EA-81A9EE4728F6}.Debug|Mixed Platforms.ActiveCfg = Debug|Any CPU
		{4A526398-ABED-4C12-A9EA-81A9EE4728F6}.Debug|Mixed Platforms.Build.0 = Debug|Any CPU
		{4A526398-ABED-4C12-A9EA-81A9EE4728F6}.Debug|x86.ActiveCfg = Debug|Any CPU
		{4A526398-ABED-4C12-A9EA-81A9EE4728F6}.Release|Any CPU.ActiveCfg = Release|Any CPU
		{4A526398-ABED-4C12-A9EA-81A9EE4728F6}.Release|Any CPU.Build.0 = Release|Any CPU
		{4A526398-ABED-4C12-A9EA-81A9EE4728F6}.Release|Mixed Platforms.ActiveCfg = Release|Any CPU
		{4A526398-ABED-4C12-A9EA-81A9EE4728F6}.Release|Mixed Platforms.Build.0 = Release|Any CPU
		{4A526398-ABED-4C12-A9EA-81A9EE4728F6}.Release|x86.ActiveCfg = Release|Any CPU
		{185746F2-A7C7-4DF3-A23E-22C53F55F6D7}.Debug|Any CPU.ActiveCfg = Debug|Any CPU
		{185746F2-A7C7-4DF3-A23E-22C53F55F6D7}.Debug|Any CPU.Build.0 = Debug|Any CPU
		{185746F2-A7C7-4DF3-A23E-22C53F55F6D7}.Debug|Mixed Platforms.ActiveCfg = Debug|Any CPU
		{185746F2-A7C7-4DF3-A23E-22C53F55F6D7}.Debug|Mixed Platforms.Build.0 = Debug|Any CPU
		{185746F2-A7C7-4DF3-A23E-22C53F55F6D7}.Debug|x86.ActiveCfg = Debug|Any CPU
		{185746F2-A7C7-4DF3-A23E-22C53F55F6D7}.Release|Any CPU.ActiveCfg = Release|Any CPU
		{185746F2-A7C7-4DF3-A23E-22C53F55F6D7}.Release|Any CPU.Build.0 = Release|Any CPU
		{185746F2-A7C7-4DF3-A23E-22C53F55F6D7}.Release|Mixed Platforms.ActiveCfg = Release|Any CPU
		{185746F2-A7C7-4DF3-A23E-22C53F55F6D7}.Release|Mixed Platforms.Build.0 = Release|Any CPU
		{185746F2-A7C7-4DF3-A23E-22C53F55F6D7}.Release|x86.ActiveCfg = Release|Any CPU
		{86E90F13-ACBF-4EA0-AE60-FA1476FA80C5}.Debug|Any CPU.ActiveCfg = Debug|Any CPU
		{86E90F13-ACBF-4EA0-AE60-FA1476FA80C5}.Debug|Any CPU.Build.0 = Debug|Any CPU
		{86E90F13-ACBF-4EA0-AE60-FA1476FA80C5}.Debug|Mixed Platforms.ActiveCfg = Debug|Any CPU
		{86E90F13-ACBF-4EA0-AE60-FA1476FA80C5}.Debug|Mixed Platforms.Build.0 = Debug|Any CPU
		{86E90F13-ACBF-4EA0-AE60-FA1476FA80C5}.Debug|x86.ActiveCfg = Debug|Any CPU
		{86E90F13-ACBF-4EA0-AE60-FA1476FA80C5}.Release|Any CPU.ActiveCfg = Release|Any CPU
		{86E90F13-ACBF-4EA0-AE60-FA1476FA80C5}.Release|Any CPU.Build.0 = Release|Any CPU
		{86E90F13-ACBF-4EA0-AE60-FA1476FA80C5}.Release|Mixed Platforms.ActiveCfg = Release|Any CPU
		{86E90F13-ACBF-4EA0-AE60-FA1476FA80C5}.Release|Mixed Platforms.Build.0 = Release|Any CPU
		{86E90F13-ACBF-4EA0-AE60-FA1476FA80C5}.Release|x86.ActiveCfg = Release|Any CPU
		{4D711E49-0398-4A97-869C-B72494885754}.Debug|Any CPU.ActiveCfg = Debug|Any CPU
		{4D711E49-0398-4A97-869C-B72494885754}.Debug|Any CPU.Build.0 = Debug|Any CPU
		{4D711E49-0398-4A97-869C-B72494885754}.Debug|Mixed Platforms.ActiveCfg = Debug|Any CPU
		{4D711E49-0398-4A97-869C-B72494885754}.Debug|Mixed Platforms.Build.0 = Debug|Any CPU
		{4D711E49-0398-4A97-869C-B72494885754}.Debug|x86.ActiveCfg = Debug|Any CPU
		{4D711E49-0398-4A97-869C-B72494885754}.Release|Any CPU.ActiveCfg = Release|Any CPU
		{4D711E49-0398-4A97-869C-B72494885754}.Release|Any CPU.Build.0 = Release|Any CPU
		{4D711E49-0398-4A97-869C-B72494885754}.Release|Mixed Platforms.ActiveCfg = Release|Any CPU
		{4D711E49-0398-4A97-869C-B72494885754}.Release|Mixed Platforms.Build.0 = Release|Any CPU
		{4D711E49-0398-4A97-869C-B72494885754}.Release|x86.ActiveCfg = Release|Any CPU
		{E65E21D8-19A3-4302-A5A1-8B14F62192FE}.Debug|Any CPU.ActiveCfg = Debug|Any CPU
		{E65E21D8-19A3-4302-A5A1-8B14F62192FE}.Debug|Any CPU.Build.0 = Debug|Any CPU
		{E65E21D8-19A3-4302-A5A1-8B14F62192FE}.Debug|Mixed Platforms.ActiveCfg = Debug|Any CPU
		{E65E21D8-19A3-4302-A5A1-8B14F62192FE}.Debug|Mixed Platforms.Build.0 = Debug|Any CPU
		{E65E21D8-19A3-4302-A5A1-8B14F62192FE}.Debug|x86.ActiveCfg = Debug|Any CPU
		{E65E21D8-19A3-4302-A5A1-8B14F62192FE}.Release|Any CPU.ActiveCfg = Release|Any CPU
		{E65E21D8-19A3-4302-A5A1-8B14F62192FE}.Release|Any CPU.Build.0 = Release|Any CPU
		{E65E21D8-19A3-4302-A5A1-8B14F62192FE}.Release|Mixed Platforms.ActiveCfg = Release|Any CPU
		{E65E21D8-19A3-4302-A5A1-8B14F62192FE}.Release|Mixed Platforms.Build.0 = Release|Any CPU
		{E65E21D8-19A3-4302-A5A1-8B14F62192FE}.Release|x86.ActiveCfg = Release|Any CPU
		{233801EE-F999-479E-87C0-7B61284B8697}.Debug|Any CPU.ActiveCfg = Debug|Any CPU
		{233801EE-F999-479E-87C0-7B61284B8697}.Debug|Any CPU.Build.0 = Debug|Any CPU
		{233801EE-F999-479E-87C0-7B61284B8697}.Debug|Mixed Platforms.ActiveCfg = Debug|Any CPU
		{233801EE-F999-479E-87C0-7B61284B8697}.Debug|Mixed Platforms.Build.0 = Debug|Any CPU
		{233801EE-F999-479E-87C0-7B61284B8697}.Debug|x86.ActiveCfg = Debug|Any CPU
		{233801EE-F999-479E-87C0-7B61284B8697}.Release|Any CPU.ActiveCfg = Release|Any CPU
		{233801EE-F999-479E-87C0-7B61284B8697}.Release|Any CPU.Build.0 = Release|Any CPU
		{233801EE-F999-479E-87C0-7B61284B8697}.Release|Mixed Platforms.ActiveCfg = Release|Any CPU
		{233801EE-F999-479E-87C0-7B61284B8697}.Release|Mixed Platforms.Build.0 = Release|Any CPU
		{233801EE-F999-479E-87C0-7B61284B8697}.Release|x86.ActiveCfg = Release|Any CPU
		{23A901EF-764C-471F-A50B-B01F760C51EB}.Debug|Any CPU.ActiveCfg = Debug|Any CPU
		{23A901EF-764C-471F-A50B-B01F760C51EB}.Debug|Any CPU.Build.0 = Debug|Any CPU
		{23A901EF-764C-471F-A50B-B01F760C51EB}.Debug|Mixed Platforms.ActiveCfg = Debug|Any CPU
		{23A901EF-764C-471F-A50B-B01F760C51EB}.Debug|Mixed Platforms.Build.0 = Debug|Any CPU
		{23A901EF-764C-471F-A50B-B01F760C51EB}.Debug|x86.ActiveCfg = Debug|Any CPU
		{23A901EF-764C-471F-A50B-B01F760C51EB}.Release|Any CPU.ActiveCfg = Release|Any CPU
		{23A901EF-764C-471F-A50B-B01F760C51EB}.Release|Any CPU.Build.0 = Release|Any CPU
		{23A901EF-764C-471F-A50B-B01F760C51EB}.Release|Mixed Platforms.ActiveCfg = Release|Any CPU
		{23A901EF-764C-471F-A50B-B01F760C51EB}.Release|Mixed Platforms.Build.0 = Release|Any CPU
		{23A901EF-764C-471F-A50B-B01F760C51EB}.Release|x86.ActiveCfg = Release|Any CPU
		{E060809D-87FD-4EF7-B507-FBBF5BB977FA}.Debug|Any CPU.ActiveCfg = Debug|Any CPU
		{E060809D-87FD-4EF7-B507-FBBF5BB977FA}.Debug|Any CPU.Build.0 = Debug|Any CPU
		{E060809D-87FD-4EF7-B507-FBBF5BB977FA}.Debug|Mixed Platforms.ActiveCfg = Debug|Any CPU
		{E060809D-87FD-4EF7-B507-FBBF5BB977FA}.Debug|Mixed Platforms.Build.0 = Debug|Any CPU
		{E060809D-87FD-4EF7-B507-FBBF5BB977FA}.Debug|x86.ActiveCfg = Debug|Any CPU
		{E060809D-87FD-4EF7-B507-FBBF5BB977FA}.Release|Any CPU.ActiveCfg = Release|Any CPU
		{E060809D-87FD-4EF7-B507-FBBF5BB977FA}.Release|Any CPU.Build.0 = Release|Any CPU
		{E060809D-87FD-4EF7-B507-FBBF5BB977FA}.Release|Mixed Platforms.ActiveCfg = Release|Any CPU
		{E060809D-87FD-4EF7-B507-FBBF5BB977FA}.Release|Mixed Platforms.Build.0 = Release|Any CPU
		{E060809D-87FD-4EF7-B507-FBBF5BB977FA}.Release|x86.ActiveCfg = Release|Any CPU
		{3AA71902-EF6D-4D63-A047-6B7161863157}.Debug|Any CPU.ActiveCfg = Debug|Any CPU
		{3AA71902-EF6D-4D63-A047-6B7161863157}.Debug|Any CPU.Build.0 = Debug|Any CPU
		{3AA71902-EF6D-4D63-A047-6B7161863157}.Debug|Mixed Platforms.ActiveCfg = Debug|Any CPU
		{3AA71902-EF6D-4D63-A047-6B7161863157}.Debug|Mixed Platforms.Build.0 = Debug|Any CPU
		{3AA71902-EF6D-4D63-A047-6B7161863157}.Debug|x86.ActiveCfg = Debug|Any CPU
		{3AA71902-EF6D-4D63-A047-6B7161863157}.Release|Any CPU.ActiveCfg = Release|Any CPU
		{3AA71902-EF6D-4D63-A047-6B7161863157}.Release|Any CPU.Build.0 = Release|Any CPU
		{3AA71902-EF6D-4D63-A047-6B7161863157}.Release|Mixed Platforms.ActiveCfg = Release|Any CPU
		{3AA71902-EF6D-4D63-A047-6B7161863157}.Release|Mixed Platforms.Build.0 = Release|Any CPU
		{3AA71902-EF6D-4D63-A047-6B7161863157}.Release|x86.ActiveCfg = Release|Any CPU
		{B815117D-B1BB-4E59-A0FD-CBE70F50E95A}.Debug|Any CPU.ActiveCfg = Debug|Any CPU
		{B815117D-B1BB-4E59-A0FD-CBE70F50E95A}.Debug|Any CPU.Build.0 = Debug|Any CPU
		{B815117D-B1BB-4E59-A0FD-CBE70F50E95A}.Debug|Mixed Platforms.ActiveCfg = Debug|Any CPU
		{B815117D-B1BB-4E59-A0FD-CBE70F50E95A}.Debug|Mixed Platforms.Build.0 = Debug|Any CPU
		{B815117D-B1BB-4E59-A0FD-CBE70F50E95A}.Debug|x86.ActiveCfg = Debug|Any CPU
		{B815117D-B1BB-4E59-A0FD-CBE70F50E95A}.Release|Any CPU.ActiveCfg = Release|Any CPU
		{B815117D-B1BB-4E59-A0FD-CBE70F50E95A}.Release|Any CPU.Build.0 = Release|Any CPU
		{B815117D-B1BB-4E59-A0FD-CBE70F50E95A}.Release|Mixed Platforms.ActiveCfg = Release|Any CPU
		{B815117D-B1BB-4E59-A0FD-CBE70F50E95A}.Release|Mixed Platforms.Build.0 = Release|Any CPU
		{B815117D-B1BB-4E59-A0FD-CBE70F50E95A}.Release|x86.ActiveCfg = Release|Any CPU
		{22CE81DA-B51D-430F-923C-086F534054D3}.Debug|Any CPU.ActiveCfg = Debug|Any CPU
		{22CE81DA-B51D-430F-923C-086F534054D3}.Debug|Any CPU.Build.0 = Debug|Any CPU
		{22CE81DA-B51D-430F-923C-086F534054D3}.Debug|Mixed Platforms.ActiveCfg = Debug|Any CPU
		{22CE81DA-B51D-430F-923C-086F534054D3}.Debug|Mixed Platforms.Build.0 = Debug|Any CPU
		{22CE81DA-B51D-430F-923C-086F534054D3}.Debug|x86.ActiveCfg = Debug|Any CPU
		{22CE81DA-B51D-430F-923C-086F534054D3}.Release|Any CPU.ActiveCfg = Release|Any CPU
		{22CE81DA-B51D-430F-923C-086F534054D3}.Release|Any CPU.Build.0 = Release|Any CPU
		{22CE81DA-B51D-430F-923C-086F534054D3}.Release|Mixed Platforms.ActiveCfg = Release|Any CPU
		{22CE81DA-B51D-430F-923C-086F534054D3}.Release|Mixed Platforms.Build.0 = Release|Any CPU
		{22CE81DA-B51D-430F-923C-086F534054D3}.Release|x86.ActiveCfg = Release|Any CPU
		{42205DE9-1AA9-450E-85D7-0860BC5F7F6B}.Debug|Any CPU.ActiveCfg = Debug|x86
		{42205DE9-1AA9-450E-85D7-0860BC5F7F6B}.Debug|Mixed Platforms.ActiveCfg = Debug|x86
		{42205DE9-1AA9-450E-85D7-0860BC5F7F6B}.Debug|Mixed Platforms.Build.0 = Debug|x86
		{42205DE9-1AA9-450E-85D7-0860BC5F7F6B}.Debug|x86.ActiveCfg = Debug|x86
		{42205DE9-1AA9-450E-85D7-0860BC5F7F6B}.Debug|x86.Build.0 = Debug|x86
		{42205DE9-1AA9-450E-85D7-0860BC5F7F6B}.Release|Any CPU.ActiveCfg = Release|x86
		{42205DE9-1AA9-450E-85D7-0860BC5F7F6B}.Release|Mixed Platforms.ActiveCfg = Release|x86
		{42205DE9-1AA9-450E-85D7-0860BC5F7F6B}.Release|Mixed Platforms.Build.0 = Release|x86
		{42205DE9-1AA9-450E-85D7-0860BC5F7F6B}.Release|x86.ActiveCfg = Release|x86
		{42205DE9-1AA9-450E-85D7-0860BC5F7F6B}.Release|x86.Build.0 = Release|x86
	EndGlobalSection
	GlobalSection(SolutionProperties) = preSolution
		HideSolutionNode = FALSE
	EndGlobalSection
	GlobalSection(NestedProjects) = preSolution
		{F0A6CDBD-E84B-457F-BDB3-646ABD97C804} = {76C9C364-F29C-4B41-A280-76C7987D17E4}
		{648A3617-9FA6-4931-B05B-CE97E8B5F1C4} = {75901CBE-402E-4548-B6AF-C3ED397526DE}
		{4A526398-ABED-4C12-A9EA-81A9EE4728F6} = {EF004A32-72FE-4FA9-821B-F04D7A958ECA}
		{185746F2-A7C7-4DF3-A23E-22C53F55F6D7} = {8D6BAA77-9595-486C-92EE-22C264C67501}
		{86E90F13-ACBF-4EA0-AE60-FA1476FA80C5} = {41A29A1D-93C4-4C78-A9FB-3ABA03941305}
		{4D711E49-0398-4A97-869C-B72494885754} = {1A4A213B-156C-4A82-B5E2-6F5B40D47712}
		{E65E21D8-19A3-4302-A5A1-8B14F62192FE} = {42A9D4BD-17E8-4788-A657-25AAE4A15198}
		{233801EE-F999-479E-87C0-7B61284B8697} = {D33F74CE-38EE-4215-87EE-4EB73403EB12}
		{23A901EF-764C-471F-A50B-B01F760C51EB} = {F939A28F-34CF-4C58-A748-D92F1B2F963C}
		{E060809D-87FD-4EF7-B507-FBBF5BB977FA} = {F939A28F-34CF-4C58-A748-D92F1B2F963C}
		{3AA71902-EF6D-4D63-A047-6B7161863157} = {EF004A32-72FE-4FA9-821B-F04D7A958ECA}
		{B815117D-B1BB-4E59-A0FD-CBE70F50E95A} = {F939A28F-34CF-4C58-A748-D92F1B2F963C}
		{22CE81DA-B51D-430F-923C-086F534054D3} = {F939A28F-34CF-4C58-A748-D92F1B2F963C}
		{42205DE9-1AA9-450E-85D7-0860BC5F7F6B} = {2D0D40B9-9BD8-49FC-8CDA-3E357061CFA6}
	EndGlobalSection
EndGlobal
